// !$*UTF8*$!
{
	archiveVersion = 1;
	classes = {
	};
	objectVersion = 56;
	objects = {

/* Begin PBXBuildFile section */
		440DE4982FAF8F0300910C7F /* AppFont.swift in Sources */ = {isa = PBXBuildFile; fileRef = 440DE4972FAF8EFF00910C7F /* AppFont.swift */; };
		440DE49A2FAF8F3C00910C7F /* AppPalette.swift in Sources */ = {isa = PBXBuildFile; fileRef = 440DE4992FAF8F3600910C7F /* AppPalette.swift */; };
		440DE49C2FAFA00100910C7F /* SettingsViewController.swift in Sources */ = {isa = PBXBuildFile; fileRef = 440DE49B2FAFA00100910C7F /* SettingsViewController.swift */; };
		440DE49E2FAFC00100910C7F /* ThemeCoral.xcassets in Resources */ = {isa = PBXBuildFile; fileRef = 440DE49D2FAFC00100910C7F /* ThemeCoral.xcassets */; };
		440DE4A02FB0000000910C7F /* LaunchScreen.storyboard in Resources */ = {isa = PBXBuildFile; fileRef = 440DE49F2FB0000000910C7F /* LaunchScreen.storyboard */; };
		440DE4A22FB1000000910C7F /* ScreenshotSampleData.swift in Sources */ = {isa = PBXBuildFile; fileRef = 440DE4A12FB1000000910C7F /* ScreenshotSampleData.swift */; };
		440DE4A42FB1000000910C7F /* ScreenshotSampleCoordinator.swift in Sources */ = {isa = PBXBuildFile; fileRef = 440DE4A32FB1000000910C7F /* ScreenshotSampleCoordinator.swift */; };
		440DE4A62FB1000000910C7F /* ScreenshotSampleData.json in Resources */ = {isa = PBXBuildFile; fileRef = 440DE4A52FB1000000910C7F /* ScreenshotSampleData.json */; };
		9A0000010000000000000001 /* AppDelegate.swift in Sources */ = {isa = PBXBuildFile; fileRef = 9A0000010000000000000011 /* AppDelegate.swift */; };
		9A0000010000000000000002 /* SceneDelegate.swift in Sources */ = {isa = PBXBuildFile; fileRef = 9A0000010000000000000012 /* SceneDelegate.swift */; };
		9A0000010000000000000003 /* ActivityDetailsViewController.swift in Sources */ = {isa = PBXBuildFile; fileRef = 9A0000010000000000000013 /* ActivityDetailsViewController.swift */; };
		9A0000010000000000000004 /* TimerViewController.swift in Sources */ = {isa = PBXBuildFile; fileRef = 9A0000010000000000000014 /* TimerViewController.swift */; };
		9A0000010000000000000005 /* ActivityTypesViewController.swift in Sources */ = {isa = PBXBuildFile; fileRef = 9A0000010000000000000015 /* ActivityTypesViewController.swift */; };
		9A0000010000000000000006 /* ActivityHistoryViewController.swift in Sources */ = {isa = PBXBuildFile; fileRef = 9A0000010000000000000016 /* ActivityHistoryViewController.swift */; };
		9A0000010000000000000008 /* TimerControlsView.swift in Sources */ = {isa = PBXBuildFile; fileRef = 9A0000010000000000000018 /* TimerControlsView.swift */; };
		9A0000010000000000000009 /* Assets.xcassets in Resources */ = {isa = PBXBuildFile; fileRef = 9A0000010000000000000019 /* Assets.xcassets */; };
		9A000001000000000000000A /* ActivityDisplayFormatter.swift in Sources */ = {isa = PBXBuildFile; fileRef = 9A000001000000000000001A /* ActivityDisplayFormatter.swift */; };
		9A000001000000000000000B /* ActivityTimerActionView.swift in Sources */ = {isa = PBXBuildFile; fileRef = 9A000001000000000000001B /* ActivityTimerActionView.swift */; };
		9A000001000000000000000C /* FloatingTimerButtonController.swift in Sources */ = {isa = PBXBuildFile; fileRef = 9A000001000000000000001C /* FloatingTimerButtonController.swift */; };
		9A0000010000000000000030 /* ActivityDetailsViewController.xib in Resources */ = {isa = PBXBuildFile; fileRef = 9A0000010000000000000035 /* ActivityDetailsViewController.xib */; };
		9A0000010000000000000031 /* TimerViewController.xib in Resources */ = {isa = PBXBuildFile; fileRef = 9A0000010000000000000036 /* TimerViewController.xib */; };
		9A0000010000000000000032 /* ActivityTypesViewController.xib in Resources */ = {isa = PBXBuildFile; fileRef = 9A0000010000000000000037 /* ActivityTypesViewController.xib */; };
		9A0000010000000000000033 /* ActivityHistoryViewController.xib in Resources */ = {isa = PBXBuildFile; fileRef = 9A0000010000000000000038 /* ActivityHistoryViewController.xib */; };
		9A0000010000000000000041 /* ActivityType.swift in Sources */ = {isa = PBXBuildFile; fileRef = 9A0000010000000000000043 /* ActivityType.swift */; };
		9A0000010000000000000042 /* Activity.swift in Sources */ = {isa = PBXBuildFile; fileRef = 9A0000010000000000000044 /* Activity.swift */; };
		9A0000010000000000000046 /* ActivityTag.swift in Sources */ = {isa = PBXBuildFile; fileRef = 9A0000010000000000000047 /* ActivityTag.swift */; };
		9A0000010000000000000048 /* TagsManagementViewController.swift in Sources */ = {isa = PBXBuildFile; fileRef = 9A0000010000000000000049 /* TagsManagementViewController.swift */; };
		9A000001000000000000004A /* ActivityTimerCache.swift in Sources */ = {isa = PBXBuildFile; fileRef = 9A000001000000000000004B /* ActivityTimerCache.swift */; };
		9A000001000000000000004C /* AppAppearanceController.swift in Sources */ = {isa = PBXBuildFile; fileRef = 9A000001000000000000004D /* AppAppearanceController.swift */; };
		9A000001000000000000004E /* AppTheme.swift in Sources */ = {isa = PBXBuildFile; fileRef = 9A000001000000000000004F /* AppTheme.swift */; };
		9A0000010000000000000050 /* ThemePurple.xcassets in Resources */ = {isa = PBXBuildFile; fileRef = 9A0000010000000000000051 /* ThemePurple.xcassets */; };
		9A0000010000000000000052 /* ThemeTeal.xcassets in Resources */ = {isa = PBXBuildFile; fileRef = 9A0000010000000000000053 /* ThemeTeal.xcassets */; };
		9A0000010000000000000054 /* SpaceGrotesk-Light.ttf in Resources */ = {isa = PBXBuildFile; fileRef = 9A0000010000000000000058 /* SpaceGrotesk-Light.ttf */; };
		9A0000010000000000000055 /* SpaceGrotesk-Regular.ttf in Resources */ = {isa = PBXBuildFile; fileRef = 9A0000010000000000000059 /* SpaceGrotesk-Regular.ttf */; };
		9A0000010000000000000056 /* SpaceGrotesk-Medium.ttf in Resources */ = {isa = PBXBuildFile; fileRef = 9A000001000000000000005A /* SpaceGrotesk-Medium.ttf */; };
		9A0000010000000000000057 /* SpaceGrotesk-Bold.ttf in Resources */ = {isa = PBXBuildFile; fileRef = 9A000001000000000000005B /* SpaceGrotesk-Bold.ttf */; };
		9A000001000000000000005D /* JetBrainsMono-Light.ttf in Resources */ = {isa = PBXBuildFile; fileRef = 9A0000010000000000000063 /* JetBrainsMono-Light.ttf */; };
		9A000001000000000000005E /* JetBrainsMono-Regular.ttf in Resources */ = {isa = PBXBuildFile; fileRef = 9A0000010000000000000064 /* JetBrainsMono-Regular.ttf */; };
		9A000001000000000000005F /* JetBrainsMono-Medium.ttf in Resources */ = {isa = PBXBuildFile; fileRef = 9A0000010000000000000065 /* JetBrainsMono-Medium.ttf */; };
		9A0000010000000000000060 /* JetBrainsMono-SemiBold.ttf in Resources */ = {isa = PBXBuildFile; fileRef = 9A0000010000000000000066 /* JetBrainsMono-SemiBold.ttf */; };
		9A0000010000000000000061 /* JetBrainsMono-Bold.ttf in Resources */ = {isa = PBXBuildFile; fileRef = 9A0000010000000000000067 /* JetBrainsMono-Bold.ttf */; };
		9A0000010000000000000062 /* Manrope[wght].ttf in Resources */ = {isa = PBXBuildFile; fileRef = 9A0000010000000000000068 /* Manrope[wght].ttf */; };
/* End PBXBuildFile section */

/* Begin PBXFileReference section */
		440DE4972FAF8EFF00910C7F /* AppFont.swift */ = {isa = PBXFileReference; lastKnownFileType = sourcecode.swift; path = AppFont.swift; sourceTree = "<group>"; };
		440DE4992FAF8F3600910C7F /* AppPalette.swift */ = {isa = PBXFileReference; lastKnownFileType = sourcecode.swift; path = AppPalette.swift; sourceTree = "<group>"; };
		440DE49B2FAFA00100910C7F /* SettingsViewController.swift */ = {isa = PBXFileReference; lastKnownFileType = sourcecode.swift; path = SettingsViewController.swift; sourceTree = "<group>"; };
		440DE49D2FAFC00100910C7F /* ThemeCoral.xcassets */ = {isa = PBXFileReference; lastKnownFileType = folder.assetcatalog; path = ThemeCoral.xcassets; sourceTree = "<group>"; };
		440DE49F2FB0000000910C7F /* LaunchScreen.storyboard */ = {isa = PBXFileReference; lastKnownFileType = file.storyboard; path = LaunchScreen.storyboard; sourceTree = "<group>"; };
		440DE4A12FB1000000910C7F /* ScreenshotSampleData.swift */ = {isa = PBXFileReference; lastKnownFileType = sourcecode.swift; path = ScreenshotSampleData.swift; sourceTree = "<group>"; };
		440DE4A32FB1000000910C7F /* ScreenshotSampleCoordinator.swift */ = {isa = PBXFileReference; lastKnownFileType = sourcecode.swift; path = ScreenshotSampleCoordinator.swift; sourceTree = "<group>"; };
		440DE4A52FB1000000910C7F /* ScreenshotSampleData.json */ = {isa = PBXFileReference; lastKnownFileType = text.json; path = ScreenshotSampleData.json; sourceTree = "<group>"; };
		9A0000010000000000000010 /* Chronomark.app */ = {isa = PBXFileReference; explicitFileType = wrapper.application; includeInIndex = 0; path = Chronomark.app; sourceTree = BUILT_PRODUCTS_DIR; };
		9A0000010000000000000011 /* AppDelegate.swift */ = {isa = PBXFileReference; lastKnownFileType = sourcecode.swift; path = AppDelegate.swift; sourceTree = "<group>"; };
		9A0000010000000000000012 /* SceneDelegate.swift */ = {isa = PBXFileReference; lastKnownFileType = sourcecode.swift; path = SceneDelegate.swift; sourceTree = "<group>"; };
		9A0000010000000000000013 /* ActivityDetailsViewController.swift */ = {isa = PBXFileReference; lastKnownFileType = sourcecode.swift; path = ActivityDetailsViewController.swift; sourceTree = "<group>"; };
		9A0000010000000000000014 /* TimerViewController.swift */ = {isa = PBXFileReference; lastKnownFileType = sourcecode.swift; path = TimerViewController.swift; sourceTree = "<group>"; };
		9A0000010000000000000015 /* ActivityTypesViewController.swift */ = {isa = PBXFileReference; lastKnownFileType = sourcecode.swift; path = ActivityTypesViewController.swift; sourceTree = "<group>"; };
		9A0000010000000000000016 /* ActivityHistoryViewController.swift */ = {isa = PBXFileReference; lastKnownFileType = sourcecode.swift; path = ActivityHistoryViewController.swift; sourceTree = "<group>"; };
		9A0000010000000000000018 /* TimerControlsView.swift */ = {isa = PBXFileReference; lastKnownFileType = sourcecode.swift; path = TimerControlsView.swift; sourceTree = "<group>"; };
		9A0000010000000000000019 /* Assets.xcassets */ = {isa = PBXFileReference; lastKnownFileType = folder.assetcatalog; path = Assets.xcassets; sourceTree = "<group>"; };
		9A000001000000000000001A /* ActivityDisplayFormatter.swift */ = {isa = PBXFileReference; lastKnownFileType = sourcecode.swift; path = ActivityDisplayFormatter.swift; sourceTree = "<group>"; };
		9A000001000000000000001B /* ActivityTimerActionView.swift */ = {isa = PBXFileReference; lastKnownFileType = sourcecode.swift; path = ActivityTimerActionView.swift; sourceTree = "<group>"; };
		9A000001000000000000001C /* FloatingTimerButtonController.swift */ = {isa = PBXFileReference; lastKnownFileType = sourcecode.swift; path = FloatingTimerButtonController.swift; sourceTree = "<group>"; };
		9A0000010000000000000020 /* Info.plist */ = {isa = PBXFileReference; lastKnownFileType = text.plist.xml; path = Info.plist; sourceTree = "<group>"; };
		9A0000010000000000000035 /* ActivityDetailsViewController.xib */ = {isa = PBXFileReference; lastKnownFileType = file.xib; path = ActivityDetailsViewController.xib; sourceTree = "<group>"; };
		9A0000010000000000000036 /* TimerViewController.xib */ = {isa = PBXFileReference; lastKnownFileType = file.xib; path = TimerViewController.xib; sourceTree = "<group>"; };
		9A0000010000000000000037 /* ActivityTypesViewController.xib */ = {isa = PBXFileReference; lastKnownFileType = file.xib; path = ActivityTypesViewController.xib; sourceTree = "<group>"; };
		9A0000010000000000000038 /* ActivityHistoryViewController.xib */ = {isa = PBXFileReference; lastKnownFileType = file.xib; path = ActivityHistoryViewController.xib; sourceTree = "<group>"; };
		9A0000010000000000000043 /* ActivityType.swift */ = {isa = PBXFileReference; lastKnownFileType = sourcecode.swift; path = ActivityType.swift; sourceTree = "<group>"; };
		9A0000010000000000000044 /* Activity.swift */ = {isa = PBXFileReference; lastKnownFileType = sourcecode.swift; path = Activity.swift; sourceTree = "<group>"; };
		9A0000010000000000000047 /* ActivityTag.swift */ = {isa = PBXFileReference; lastKnownFileType = sourcecode.swift; path = ActivityTag.swift; sourceTree = "<group>"; };
		9A0000010000000000000049 /* TagsManagementViewController.swift */ = {isa = PBXFileReference; lastKnownFileType = sourcecode.swift; path = TagsManagementViewController.swift; sourceTree = "<group>"; };
		9A000001000000000000004B /* ActivityTimerCache.swift */ = {isa = PBXFileReference; lastKnownFileType = sourcecode.swift; path = ActivityTimerCache.swift; sourceTree = "<group>"; };
		9A000001000000000000004D /* AppAppearanceController.swift */ = {isa = PBXFileReference; lastKnownFileType = sourcecode.swift; path = AppAppearanceController.swift; sourceTree = "<group>"; };
		9A000001000000000000004F /* AppTheme.swift */ = {isa = PBXFileReference; lastKnownFileType = sourcecode.swift; path = AppTheme.swift; sourceTree = "<group>"; };
		9A0000010000000000000051 /* ThemePurple.xcassets */ = {isa = PBXFileReference; lastKnownFileType = folder.assetcatalog; path = ThemePurple.xcassets; sourceTree = "<group>"; };
		9A0000010000000000000053 /* ThemeTeal.xcassets */ = {isa = PBXFileReference; lastKnownFileType = folder.assetcatalog; path = ThemeTeal.xcassets; sourceTree = "<group>"; };
		9A0000010000000000000058 /* SpaceGrotesk-Light.ttf */ = {isa = PBXFileReference; lastKnownFileType = file; path = "SpaceGrotesk-Light.ttf"; sourceTree = "<group>"; };
		9A0000010000000000000059 /* SpaceGrotesk-Regular.ttf */ = {isa = PBXFileReference; lastKnownFileType = file; path = "SpaceGrotesk-Regular.ttf"; sourceTree = "<group>"; };
		9A000001000000000000005A /* SpaceGrotesk-Medium.ttf */ = {isa = PBXFileReference; lastKnownFileType = file; path = "SpaceGrotesk-Medium.ttf"; sourceTree = "<group>"; };
		9A000001000000000000005B /* SpaceGrotesk-Bold.ttf */ = {isa = PBXFileReference; lastKnownFileType = file; path = "SpaceGrotesk-Bold.ttf"; sourceTree = "<group>"; };
		9A0000010000000000000063 /* JetBrainsMono-Light.ttf */ = {isa = PBXFileReference; lastKnownFileType = file; path = "JetBrainsMono-Light.ttf"; sourceTree = "<group>"; };
		9A0000010000000000000064 /* JetBrainsMono-Regular.ttf */ = {isa = PBXFileReference; lastKnownFileType = file; path = "JetBrainsMono-Regular.ttf"; sourceTree = "<group>"; };
		9A0000010000000000000065 /* JetBrainsMono-Medium.ttf */ = {isa = PBXFileReference; lastKnownFileType = file; path = "JetBrainsMono-Medium.ttf"; sourceTree = "<group>"; };
		9A0000010000000000000066 /* JetBrainsMono-SemiBold.ttf */ = {isa = PBXFileReference; lastKnownFileType = file; path = "JetBrainsMono-SemiBold.ttf"; sourceTree = "<group>"; };
		9A0000010000000000000067 /* JetBrainsMono-Bold.ttf */ = {isa = PBXFileReference; lastKnownFileType = file; path = "JetBrainsMono-Bold.ttf"; sourceTree = "<group>"; };
		9A0000010000000000000068 /* Manrope[wght].ttf */ = {isa = PBXFileReference; lastKnownFileType = file; path = "Manrope[wght].ttf"; sourceTree = "<group>"; };
/* End PBXFileReference section */

/* Begin PBXFrameworksBuildPhase section */
		9A0000010000000000000021 /* Frameworks */ = {
			isa = PBXFrameworksBuildPhase;
			buildActionMask = 2147483647;
			files = (
			);
			runOnlyForDeploymentPostprocessing = 0;
		};
/* End PBXFrameworksBuildPhase section */

/* Begin PBXGroup section */
		440DE4952FAABA0800910C7F /* 5. TagsManagementViewController */ = {
			isa = PBXGroup;
			children = (
				9A0000010000000000000049 /* TagsManagementViewController.swift */,
			);
			path = "5. TagsManagementViewController";
			sourceTree = "<group>";
		};
		440DE4A72FB1000000910C7F /* ScreenshotSamples */ = {
			isa = PBXGroup;
			children = (
				440DE4A12FB1000000910C7F /* ScreenshotSampleData.swift */,
				440DE4A32FB1000000910C7F /* ScreenshotSampleCoordinator.swift */,
				440DE4A52FB1000000910C7F /* ScreenshotSampleData.json */,
			);
			path = ScreenshotSamples;
			sourceTree = "<group>";
		};
		440DE4962FAF8EE600910C7F /* AppTheme */ = {
			isa = PBXGroup;
			children = (
				9A000001000000000000005C /* Fonts */,
				440DE49D2FAFC00100910C7F /* ThemeCoral.xcassets */,
				9A0000010000000000000051 /* ThemePurple.xcassets */,
				9A0000010000000000000053 /* ThemeTeal.xcassets */,
				9A000001000000000000004F /* AppTheme.swift */,
				440DE4972FAF8EFF00910C7F /* AppFont.swift */,
				440DE4992FAF8F3600910C7F /* AppPalette.swift */,
			);
			path = AppTheme;
			sourceTree = "<group>";
		};
		4413A30D2FA432020005EE3C /* 4. ActivityDetailsViewController */ = {
			isa = PBXGroup;
			children = (
				9A0000010000000000000013 /* ActivityDetailsViewController.swift */,
				9A0000010000000000000035 /* ActivityDetailsViewController.xib */,
			);
			path = "4. ActivityDetailsViewController";
			sourceTree = "<group>";
		};
		4413A30F2FA432240005EE3C /* 2. ActivityTypesViewController */ = {
			isa = PBXGroup;
			children = (
				9A0000010000000000000015 /* ActivityTypesViewController.swift */,
				440DE49B2FAFA00100910C7F /* SettingsViewController.swift */,
				9A0000010000000000000037 /* ActivityTypesViewController.xib */,
			);
			path = "2. ActivityTypesViewController";
			sourceTree = "<group>";
		};
		4413A3102FA4322D0005EE3C /* 3. ActivityHistoryViewController */ = {
			isa = PBXGroup;
			children = (
				9A0000010000000000000016 /* ActivityHistoryViewController.swift */,
				9A0000010000000000000038 /* ActivityHistoryViewController.xib */,
			);
			path = "3. ActivityHistoryViewController";
			sourceTree = "<group>";
		};
		4413A3122FA432420005EE3C /* 1. TimerViewController */ = {
			isa = PBXGroup;
			children = (
				9A0000010000000000000014 /* TimerViewController.swift */,
				9A0000010000000000000036 /* TimerViewController.xib */,
				9A0000010000000000000018 /* TimerControlsView.swift */,
			);
			path = "1. TimerViewController";
			sourceTree = "<group>";
		};
		9A0000010000000000000022 = {
			isa = PBXGroup;
			children = (
				9A0000010000000000000023 /* Chronomark */,
				9A0000010000000000000024 /* Products */,
			);
			sourceTree = "<group>";
		};
		9A0000010000000000000023 /* Chronomark */ = {
			isa = PBXGroup;
			children = (
				9A0000010000000000000011 /* AppDelegate.swift */,
				9A0000010000000000000012 /* SceneDelegate.swift */,
				9A000001000000000000001A /* ActivityDisplayFormatter.swift */,
				9A000001000000000000001B /* ActivityTimerActionView.swift */,
				9A000001000000000000001C /* FloatingTimerButtonController.swift */,
				9A000001000000000000004D /* AppAppearanceController.swift */,
				440DE4962FAF8EE600910C7F /* AppTheme */,
				9A0000010000000000000040 /* ViewControllers */,
				9A0000010000000000000045 /* Models */,
				440DE4A72FB1000000910C7F /* ScreenshotSamples */,
				9A0000010000000000000019 /* Assets.xcassets */,
				440DE49F2FB0000000910C7F /* LaunchScreen.storyboard */,
				9A0000010000000000000020 /* Info.plist */,
			);
			path = Chronomark;
			sourceTree = "<group>";
		};
		9A0000010000000000000024 /* Products */ = {
			isa = PBXGroup;
			children = (
				9A0000010000000000000010 /* Chronomark.app */,
			);
			name = Products;
			sourceTree = "<group>";
		};
		9A0000010000000000000040 /* ViewControllers */ = {
			isa = PBXGroup;
			children = (
				4413A3122FA432420005EE3C /* 1. TimerViewController */,
				4413A30F2FA432240005EE3C /* 2. ActivityTypesViewController */,
				4413A3102FA4322D0005EE3C /* 3. ActivityHistoryViewController */,
				4413A30D2FA432020005EE3C /* 4. ActivityDetailsViewController */,
				440DE4952FAABA0800910C7F /* 5. TagsManagementViewController */,
			);
			path = ViewControllers;
			sourceTree = "<group>";
		};
		9A0000010000000000000045 /* Models */ = {
			isa = PBXGroup;
			children = (
				9A0000010000000000000043 /* ActivityType.swift */,
				9A0000010000000000000044 /* Activity.swift */,
				9A0000010000000000000047 /* ActivityTag.swift */,
				9A000001000000000000004B /* ActivityTimerCache.swift */,
			);
			path = Models;
			sourceTree = "<group>";
		};
		9A000001000000000000005C /* Fonts */ = {
			isa = PBXGroup;
			children = (
				9A0000010000000000000063 /* JetBrainsMono-Light.ttf */,
				9A0000010000000000000064 /* JetBrainsMono-Regular.ttf */,
				9A0000010000000000000065 /* JetBrainsMono-Medium.ttf */,
				9A0000010000000000000066 /* JetBrainsMono-SemiBold.ttf */,
				9A0000010000000000000067 /* JetBrainsMono-Bold.ttf */,
				9A0000010000000000000068 /* Manrope[wght].ttf */,
				9A0000010000000000000058 /* SpaceGrotesk-Light.ttf */,
				9A0000010000000000000059 /* SpaceGrotesk-Regular.ttf */,
				9A000001000000000000005A /* SpaceGrotesk-Medium.ttf */,
				9A000001000000000000005B /* SpaceGrotesk-Bold.ttf */,
			);
			path = Fonts;
			sourceTree = "<group>";
		};
/* End PBXGroup section */

/* Begin PBXNativeTarget section */
		9A0000010000000000000025 /* Chronomark */ = {
			isa = PBXNativeTarget;
			buildConfigurationList = 9A0000010000000000000026 /* Build configuration list for PBXNativeTarget "Chronomark" */;
			buildPhases = (
				9A0000010000000000000027 /* Sources */,
				9A0000010000000000000021 /* Frameworks */,
				9A0000010000000000000028 /* Resources */,
			);
			buildRules = (
			);
			dependencies = (
			);
			name = Chronomark;
			productName = Chronomark;
			productReference = 9A0000010000000000000010 /* Chronomark.app */;
			productType = "com.apple.product-type.application";
		};
/* End PBXNativeTarget section */

/* Begin PBXProject section */
		9A0000010000000000000029 /* Project object */ = {
			isa = PBXProject;
			attributes = {
				BuildIndependentTargetsInParallel = 1;
				LastSwiftUpdateCheck = 2640;
				LastUpgradeCheck = 2640;
				TargetAttributes = {
					9A0000010000000000000025 = {
						CreatedOnToolsVersion = 26.4;
					};
				};
			};
			buildConfigurationList = 9A000001000000000000002A /* Build configuration list for PBXProject "Chronomark" */;
			compatibilityVersion = "Xcode 14.0";
			developmentRegion = en;
			hasScannedForEncodings = 0;
			knownRegions = (
				en,
				Base,
			);
			mainGroup = 9A0000010000000000000022;
			productRefGroup = 9A0000010000000000000024 /* Products */;
			projectDirPath = "";
			projectRoot = "";
			targets = (
				9A0000010000000000000025 /* Chronomark */,
			);
		};
/* End PBXProject section */

/* Begin PBXResourcesBuildPhase section */
		9A0000010000000000000028 /* Resources */ = {
			isa = PBXResourcesBuildPhase;
			buildActionMask = 2147483647;
			files = (
				9A0000010000000000000009 /* Assets.xcassets in Resources */,
				440DE4A02FB0000000910C7F /* LaunchScreen.storyboard in Resources */,
				9A0000010000000000000050 /* ThemePurple.xcassets in Resources */,
				9A0000010000000000000052 /* ThemeTeal.xcassets in Resources */,
				440DE49E2FAFC00100910C7F /* ThemeCoral.xcassets in Resources */,
				9A0000010000000000000030 /* ActivityDetailsViewController.xib in Resources */,
				9A0000010000000000000031 /* TimerViewController.xib in Resources */,
				9A0000010000000000000032 /* ActivityTypesViewController.xib in Resources */,
				9A0000010000000000000033 /* ActivityHistoryViewController.xib in Resources */,
				9A000001000000000000005D /* JetBrainsMono-Light.ttf in Resources */,
				9A000001000000000000005E /* JetBrainsMono-Regular.ttf in Resources */,
				9A000001000000000000005F /* JetBrainsMono-Medium.ttf in Resources */,
				9A0000010000000000000060 /* JetBrainsMono-SemiBold.ttf in Resources */,
				9A0000010000000000000061 /* JetBrainsMono-Bold.ttf in Resources */,
				9A0000010000000000000062 /* Manrope[wght].ttf in Resources */,
				9A0000010000000000000054 /* SpaceGrotesk-Light.ttf in Resources */,
				9A0000010000000000000055 /* SpaceGrotesk-Regular.ttf in Resources */,
				9A0000010000000000000056 /* SpaceGrotesk-Medium.ttf in Resources */,
				9A0000010000000000000057 /* SpaceGrotesk-Bold.ttf in Resources */,
				440DE4A62FB1000000910C7F /* ScreenshotSampleData.json in Resources */,
			);
			runOnlyForDeploymentPostprocessing = 0;
		};
/* End PBXResourcesBuildPhase section */

/* Begin PBXSourcesBuildPhase section */
		9A0000010000000000000027 /* Sources */ = {
			isa = PBXSourcesBuildPhase;
			buildActionMask = 2147483647;
			files = (
				9A0000010000000000000001 /* AppDelegate.swift in Sources */,
				9A0000010000000000000002 /* SceneDelegate.swift in Sources */,
				9A0000010000000000000003 /* ActivityDetailsViewController.swift in Sources */,
				9A0000010000000000000004 /* TimerViewController.swift in Sources */,
				9A0000010000000000000008 /* TimerControlsView.swift in Sources */,
				9A000001000000000000000A /* ActivityDisplayFormatter.swift in Sources */,
				9A000001000000000000000B /* ActivityTimerActionView.swift in Sources */,
				9A000001000000000000000C /* FloatingTimerButtonController.swift in Sources */,
				9A0000010000000000000005 /* ActivityTypesViewController.swift in Sources */,
				9A0000010000000000000006 /* ActivityHistoryViewController.swift in Sources */,
				9A0000010000000000000041 /* ActivityType.swift in Sources */,
				9A0000010000000000000042 /* Activity.swift in Sources */,
				440DE49A2FAF8F3C00910C7F /* AppPalette.swift in Sources */,
				440DE4982FAF8F0300910C7F /* AppFont.swift in Sources */,
				440DE49C2FAFA00100910C7F /* SettingsViewController.swift in Sources */,
				9A0000010000000000000046 /* ActivityTag.swift in Sources */,
				9A0000010000000000000048 /* TagsManagementViewController.swift in Sources */,
				9A000001000000000000004A /* ActivityTimerCache.swift in Sources */,
				9A000001000000000000004C /* AppAppearanceController.swift in Sources */,
				9A000001000000000000004E /* AppTheme.swift in Sources */,
				440DE4A22FB1000000910C7F /* ScreenshotSampleData.swift in Sources */,
				440DE4A42FB1000000910C7F /* ScreenshotSampleCoordinator.swift in Sources */,
			);
			runOnlyForDeploymentPostprocessing = 0;
		};
/* End PBXSourcesBuildPhase section */

/* Begin XCBuildConfiguration section */
		9A000001000000000000002B /* Debug */ = {
			isa = XCBuildConfiguration;
			buildSettings = {
				ALWAYS_SEARCH_USER_PATHS = NO;
				CLANG_ANALYZER_NONNULL = YES;
				CLANG_ANALYZER_NUMBER_OBJECT_CONVERSION = YES_AGGRESSIVE;
				CLANG_CXX_LANGUAGE_STANDARD = "gnu++20";
				CLANG_ENABLE_MODULES = YES;
				CLANG_ENABLE_OBJC_ARC = YES;
				CLANG_ENABLE_OBJC_WEAK = YES;
				CLANG_WARN_BLOCK_CAPTURE_AUTORELEASING = YES;
				CLANG_WARN_BOOL_CONVERSION = YES;
				CLANG_WARN_COMMA = YES;
				CLANG_WARN_CONSTANT_CONVERSION = YES;
				CLANG_WARN_DEPRECATED_OBJC_IMPLEMENTATIONS = YES;
				CLANG_WARN_DIRECT_OBJC_ISA_USAGE = YES_ERROR;
				CLANG_WARN_DOCUMENTATION_COMMENTS = YES;
				CLANG_WARN_EMPTY_BODY = YES;
				CLANG_WARN_ENUM_CONVERSION = YES;
				CLANG_WARN_INFINITE_RECURSION = YES;
				CLANG_WARN_INT_CONVERSION = YES;
				CLANG_WARN_NON_LITERAL_NULL_CONVERSION = YES;
				CLANG_WARN_OBJC_IMPLICIT_RETAIN_SELF = YES;
				CLANG_WARN_OBJC_LITERAL_CONVERSION = YES;
				CLANG_WARN_OBJC_ROOT_CLASS = YES_ERROR;
				CLANG_WARN_QUOTED_INCLUDE_IN_FRAMEWORK_HEADER = YES;
				CLANG_WARN_RANGE_LOOP_ANALYSIS = YES;
				CLANG_WARN_STRICT_PROTOTYPES = YES;
				CLANG_WARN_SUSPICIOUS_MOVE = YES;
				COPY_PHASE_STRIP = NO;
				DEBUG_INFORMATION_FORMAT = dwarf;
				ENABLE_STRICT_OBJC_MSGSEND = YES;
				ENABLE_TESTABILITY = YES;
				ENABLE_USER_SCRIPT_SANDBOXING = YES;
				GCC_C_LANGUAGE_STANDARD = gnu17;
				GCC_DYNAMIC_NO_PIC = NO;
				GCC_NO_COMMON_BLOCKS = YES;
				GCC_OPTIMIZATION_LEVEL = 0;
				GCC_PREPROCESSOR_DEFINITIONS = (
					"DEBUG=1",
					"$(inherited)",
				);
				GCC_WARN_64_TO_32_BIT_CONVERSION = YES;
				GCC_WARN_ABOUT_RETURN_TYPE = YES_ERROR;
				GCC_WARN_UNDECLARED_SELECTOR = YES;
				GCC_WARN_UNINITIALIZED_AUTOS = YES_AGGRESSIVE;
				GCC_WARN_UNUSED_FUNCTION = YES;
				GCC_WARN_UNUSED_VARIABLE = YES;
				IPHONEOS_DEPLOYMENT_TARGET = 18.0;
				LOCALIZATION_PREFERS_STRING_CATALOGS = YES;
				MTL_ENABLE_DEBUG_INFO = INCLUDE_SOURCE;
				MTL_FAST_MATH = YES;
				ONLY_ACTIVE_ARCH = YES;
				SDKROOT = iphoneos;
				SWIFT_ACTIVE_COMPILATION_CONDITIONS = DEBUG;
				SWIFT_OPTIMIZATION_LEVEL = "-Onone";
			};
			name = Debug;
		};
		9A000001000000000000002C /* Release */ = {
			isa = XCBuildConfiguration;
			buildSettings = {
				ALWAYS_SEARCH_USER_PATHS = NO;
				CLANG_ANALYZER_NONNULL = YES;
				CLANG_ANALYZER_NUMBER_OBJECT_CONVERSION = YES_AGGRESSIVE;
				CLANG_CXX_LANGUAGE_STANDARD = "gnu++20";
				CLANG_ENABLE_MODULES = YES;
				CLANG_ENABLE_OBJC_ARC = YES;
				CLANG_ENABLE_OBJC_WEAK = YES;
				CLANG_WARN_BLOCK_CAPTURE_AUTORELEASING = YES;
				CLANG_WARN_BOOL_CONVERSION = YES;
				CLANG_WARN_COMMA = YES;
				CLANG_WARN_CONSTANT_CONVERSION = YES;
				CLANG_WARN_DEPRECATED_OBJC_IMPLEMENTATIONS = YES;
				CLANG_WARN_DIRECT_OBJC_ISA_USAGE = YES_ERROR;
				CLANG_WARN_DOCUMENTATION_COMMENTS = YES;
				CLANG_WARN_EMPTY_BODY = YES;
				CLANG_WARN_ENUM_CONVERSION = YES;
				CLANG_WARN_INFINITE_RECURSION = YES;
				CLANG_WARN_INT_CONVERSION = YES;
				CLANG_WARN_NON_LITERAL_NULL_CONVERSION = YES;
				CLANG_WARN_OBJC_IMPLICIT_RETAIN_SELF = YES;
				CLANG_WARN_OBJC_LITERAL_CONVERSION = YES;
				CLANG_WARN_OBJC_ROOT_CLASS = YES_ERROR;
				CLANG_WARN_QUOTED_INCLUDE_IN_FRAMEWORK_HEADER = YES;
				CLANG_WARN_RANGE_LOOP_ANALYSIS = YES;
				CLANG_WARN_STRICT_PROTOTYPES = YES;
				CLANG_WARN_SUSPICIOUS_MOVE = YES;
				COPY_PHASE_STRIP = NO;
				DEBUG_INFORMATION_FORMAT = "dwarf-with-dsym";
				ENABLE_NS_ASSERTIONS = NO;
				ENABLE_STRICT_OBJC_MSGSEND = YES;
				ENABLE_USER_SCRIPT_SANDBOXING = YES;
				GCC_C_LANGUAGE_STANDARD = gnu17;
				GCC_NO_COMMON_BLOCKS = YES;
				GCC_WARN_64_TO_32_BIT_CONVERSION = YES;
				GCC_WARN_ABOUT_RETURN_TYPE = YES_ERROR;
				GCC_WARN_UNDECLARED_SELECTOR = YES;
				GCC_WARN_UNINITIALIZED_AUTOS = YES_AGGRESSIVE;
				GCC_WARN_UNUSED_FUNCTION = YES;
				GCC_WARN_UNUSED_VARIABLE = YES;
				IPHONEOS_DEPLOYMENT_TARGET = 18.0;
				LOCALIZATION_PREFERS_STRING_CATALOGS = YES;
				MTL_ENABLE_DEBUG_INFO = NO;
				MTL_FAST_MATH = YES;
				SDKROOT = iphoneos;
				SWIFT_COMPILATION_MODE = wholemodule;
				VALIDATE_PRODUCT = YES;
			};
			name = Release;
		};
		9A000001000000000000002D /* Debug */ = {
			isa = XCBuildConfiguration;
			buildSettings = {
				ASSETCATALOG_COMPILER_APPICON_NAME = AppIcon;
				CODE_SIGN_IDENTITY = "Apple Development";
				CODE_SIGN_STYLE = Automatic;
				CURRENT_PROJECT_VERSION = 8;
				DEVELOPMENT_TEAM = 7SPT8XUUFN;
				GENERATE_INFOPLIST_FILE = NO;
				INFOPLIST_FILE = Chronomark/Info.plist;
				INFOPLIST_KEY_CFBundleDisplayName = Chronomark;
				INFOPLIST_KEY_LSApplicationCategoryType = "public.app-category.productivity";
				IPHONEOS_DEPLOYMENT_TARGET = 18.0;
				LD_RUNPATH_SEARCH_PATHS = (
					"$(inherited)",
					"@executable_path/Frameworks",
				);
				MARKETING_VERSION = 0.1;
				PRODUCT_BUNDLE_IDENTIFIER = com.outonaweekend.chronomark;
				PRODUCT_NAME = Chronomark;
				PROVISIONING_PROFILE_SPECIFIER = "";
				SUPPORTED_PLATFORMS = "iphoneos iphonesimulator";
				SUPPORTS_MACCATALYST = NO;
				SUPPORTS_MAC_DESIGNED_FOR_IPHONE_IPAD = NO;
				SWIFT_EMIT_LOC_STRINGS = YES;
				SWIFT_VERSION = 5.0;
				TARGETED_DEVICE_FAMILY = "1,2";
			};
			name = Debug;
		};
		9A000001000000000000002E /* Release */ = {
			isa = XCBuildConfiguration;
			buildSettings = {
				ASSETCATALOG_COMPILER_APPICON_NAME = AppIcon;
				CODE_SIGN_IDENTITY = "Apple Development";
				CODE_SIGN_STYLE = Automatic;
				CURRENT_PROJECT_VERSION = 8;
				DEVELOPMENT_TEAM = 7SPT8XUUFN;
				EXCLUDED_SOURCE_FILE_NAMES = (
					ScreenshotSampleData.swift,
					ScreenshotSampleCoordinator.swift,
					ScreenshotSampleData.json,
				);
				GENERATE_INFOPLIST_FILE = NO;
				INFOPLIST_FILE = Chronomark/Info.plist;
				INFOPLIST_KEY_CFBundleDisplayName = Chronomark;
				INFOPLIST_KEY_LSApplicationCategoryType = "public.app-category.productivity";
				IPHONEOS_DEPLOYMENT_TARGET = 18.0;
				LD_RUNPATH_SEARCH_PATHS = (
					"$(inherited)",
					"@executable_path/Frameworks",
				);
				MARKETING_VERSION = 0.1;
				PRODUCT_BUNDLE_IDENTIFIER = com.outonaweekend.chronomark;
				PRODUCT_NAME = Chronomark;
				PROVISIONING_PROFILE_SPECIFIER = "";
				SUPPORTED_PLATFORMS = "iphoneos iphonesimulator";
				SUPPORTS_MACCATALYST = NO;
				SUPPORTS_MAC_DESIGNED_FOR_IPHONE_IPAD = NO;
				SWIFT_EMIT_LOC_STRINGS = YES;
				SWIFT_VERSION = 5.0;
				TARGETED_DEVICE_FAMILY = "1,2";
			};
			name = Release;
		};
/* End XCBuildConfiguration section */

/* Begin XCConfigurationList section */
		9A0000010000000000000026 /* Build configuration list for PBXNativeTarget "Chronomark" */ = {
			isa = XCConfigurationList;
			buildConfigurations = (
				9A000001000000000000002D /* Debug */,
				9A000001000000000000002E /* Release */,
			);
			defaultConfigurationIsVisible = 0;
			defaultConfigurationName = Release;
		};
		9A000001000000000000002A /* Build configuration list for PBXProject "Chronomark" */ = {
			isa = XCConfigurationList;
			buildConfigurations = (
				9A000001000000000000002B /* Debug */,
				9A000001000000000000002C /* Release */,
			);
			defaultConfigurationIsVisible = 0;
			defaultConfigurationName = Release;
		};
/* End XCConfigurationList section */
	};
	rootObject = 9A0000010000000000000029 /* Project object */;
}
